
Microsoft Visual Studio Solution File, Format Version 12.00
# Visual Studio Version 17
VisualStudioVersion = 17.13.35825.156 d17.13
MinimumVisualStudioVersion = 10.0.40219.1
Project("{FAE04EC0-301F-11D3-BF4B-00C04F79EFBC}") = "Diamante.ConsoleApp", "Diamante.ConsoleApp\Diamante.ConsoleApp.csproj", "{6BD649D1-A7EF-4CAD-815F-9D0B6CEA52F8}"
EndProject
Global
	GlobalSection(SolutionConfigurationPlatforms) = preSolution
		Debug|Any CPU = Debug|Any CPU
		Release|Any CPU = Release|Any CPU
	EndGlobalSection
	GlobalSection(ProjectConfigurationPlatforms) = postSolution
		{6BD649D1-A7EF-4CAD-815F-9D0B6CEA52F8}.Debug|Any CPU.ActiveCfg = Debug|Any CPU
		{6BD649D1-A7EF-4CAD-815F-9D0B6CEA52F8}.Debug|Any CPU.Build.0 = Debug|Any CPU
		{6BD649D1-A7EF-4CAD-815F-9D0B6CEA52F8}.Release|Any CPU.ActiveCfg = Release|Any CPU
		{6BD649D1-A7EF-4CAD-815F-9D0B6CEA52F8}.Release|Any CPU.Build.0 = Release|Any CPU
	EndGlobalSection
	GlobalSection(SolutionProperties) = preSolution
		HideSolutionNode = FALSE
	EndGlobalSection
	GlobalSection(ExtensibilityGlobals) = postSolution
		SolutionGuid = {58761382-5292-4B05-A075-D34C93BFB323}
	EndGlobalSection
EndGlobal
